<?xml version="1.0" encoding="utf-8"?>
<Project ToolsVersion="4.0" xmlns="http://schemas.microsoft.com/developer/msbuild/2003">
  <ItemGroup>
    <ClCompile Include="Source\External\PugiXml\src\pugixml.cpp">
      <Filter>External\PugiXml</Filter>
    </ClCompile>
    <ClCompile Include="Source\Application.cpp" />
    <ClCompile Include="Source\GameObject.cpp" />
    <ClCompile Include="Source\Main.cpp" />
    <ClCompile Include="Source\Map.cpp" />
    <ClCompile Include="Source\ModuleAudio.cpp" />
    <ClCompile Include="Source\ModuleInput.cpp" />
    <ClCompile Include="Source\ModulePhysics.cpp" />
    <ClCompile Include="Source\ModuleRender.cpp" />
    <ClCompile Include="Source\ModuleScene.cpp" />
    <ClCompile Include="Source\ModuleTextures.cpp" />
    <ClCompile Include="Source\ModuleUI.cpp" />
    <ClCompile Include="Source\ModuleWindow.cpp" />
    <ClCompile Include="Source\Scene.cpp" />
    <ClCompile Include="Source\Log.cpp" />
  </ItemGroup>
  <ItemGroup>
    <ClInclude Include="Source\External\PugiXml\src\pugiconfig.hpp">
      <Filter>External\PugiXml</Filter>
    </ClInclude>
    <ClInclude Include="Source\External\PugiXml\src\pugixml.hpp">
      <Filter>External\PugiXml</Filter>
    </ClInclude>
    <ClInclude Include="Source\Animation.h" />
    <ClInclude Include="Source\Application.h" />
    <ClInclude Include="Source\GameObject.h" />
    <ClInclude Include="Source\Globals.h" />
    <ClInclude Include="Source\List.h" />
    <ClInclude Include="Source\Map.h" />
    <ClInclude Include="Source\MemLeaks.h" />
    <ClInclude Include="Source\Module.h" />
    <ClInclude Include="Source\ModuleAudio.h" />
    <ClInclude Include="Source\ModuleInput.h" />
    <ClInclude Include="Source\ModulePhysics.h" />
    <ClInclude Include="Source\ModuleRender.h" />
    <ClInclude Include="Source\ModuleScene.h" />
    <ClInclude Include="Source\ModuleTextures.h" />
    <ClInclude Include="Source\ModuleUI.h" />
    <ClInclude Include="Source\ModuleWindow.h" />
    <ClInclude Include="Source\p2DynArray.h" />
    <ClInclude Include="Source\p2List.h" />
    <ClInclude Include="Source\p2Point.h" />
    <ClInclude Include="Source\Point.h" />
    <ClInclude Include="Source\Scene.h" />
    <ClInclude Include="Source\SString.h" />
    <ClInclude Include="Source\Timer.h" />
  </ItemGroup>
  <ItemGroup>
    <Filter Include="External">
      <UniqueIdentifier>{83a966c7-b4bb-4eff-9c2c-3ff3c7b55a60}</UniqueIdentifier>
    </Filter>
    <Filter Include="External\PugiXml">
      <UniqueIdentifier>{2855ff7f-53a1-413d-a75b-18b4ade921dd}</UniqueIdentifier>
    </Filter>
    <Filter Include="HeaderFiles">
      <UniqueIdentifier>{f46e06f1-7923-43e1-896f-119dfeacf8c6}</UniqueIdentifier>
    </Filter>
    <Filter Include="SourceFiles">
      <UniqueIdentifier>{dcda35fe-beb0-4a8f-8e00-34767babff64}</UniqueIdentifier>
    </Filter>
    <Filter Include="HeaderFiles\Utils">
      <UniqueIdentifier>{2cad778a-d356-48b0-9fee-587f1bbb187e}</UniqueIdentifier>
    </Filter>
    <Filter Include="SourceFiles\Application">
      <UniqueIdentifier>{ed14c448-6e78-4024-afa3-ef16324c8227}</UniqueIdentifier>
    </Filter>
    <Filter Include="HeaderFiles\Application">
      <UniqueIdentifier>{427a67e0-18c6-45b7-b3e7-4f345524386d}</UniqueIdentifier>
    </Filter>
    <Filter Include="HeaderFiles\Modules">
      <UniqueIdentifier>{2a4d3045-14ef-4685-b11d-63978698bc3f}</UniqueIdentifier>
    </Filter>
    <Filter Include="HeaderFiles\BaseClass">
      <UniqueIdentifier>{68202c14-afb0-426e-98a3-a618b44c573e}</UniqueIdentifier>
    </Filter>
    <Filter Include="SourceFiles\BaseClass">
      <UniqueIdentifier>{d490c4ad-00a1-4591-91c9-4cf92eb22829}</UniqueIdentifier>
    </Filter>
  </ItemGroup>
</Project>